// !$*UTF8*$!
{
	archiveVersion = 1;
	classes = {
	};
	objectVersion = 55;
	objects = {

/* Begin PBXBuildFile section */
		390E1F23285176FC006B53B6 /* HomeViewController.swift in Sources */ = {isa = PBXBuildFile; fileRef = 390E1F21285176FC006B53B6 /* HomeViewController.swift */; };
		390E1F24285176FC006B53B6 /* HomeViewController.xib in Resources */ = {isa = PBXBuildFile; fileRef = 390E1F22285176FC006B53B6 /* HomeViewController.xib */; };
		390E1F2B2851778C006B53B6 /* AdressViewController.swift in Sources */ = {isa = PBXBuildFile; fileRef = 390E1F292851778C006B53B6 /* AdressViewController.swift */; };
		390E1F2C2851778C006B53B6 /* AdressViewController.xib in Resources */ = {isa = PBXBuildFile; fileRef = 390E1F2A2851778C006B53B6 /* AdressViewController.xib */; };
		390E1F2F285177A3006B53B6 /* TagViewController.swift in Sources */ = {isa = PBXBuildFile; fileRef = 390E1F2D285177A3006B53B6 /* TagViewController.swift */; };
		390E1F30285177A3006B53B6 /* TagViewController.xib in Resources */ = {isa = PBXBuildFile; fileRef = 390E1F2E285177A3006B53B6 /* TagViewController.xib */; };
		39CC95D42855418E00A41CC4 /* CepModel.swift in Sources */ = {isa = PBXBuildFile; fileRef = 39CC95D32855418E00A41CC4 /* CepModel.swift */; };
		39D39B82284A3E370051A13A /* AppDelegate.swift in Sources */ = {isa = PBXBuildFile; fileRef = 39D39B81284A3E370051A13A /* AppDelegate.swift */; };
		39D39B86284A3E370051A13A /* ViewController.swift in Sources */ = {isa = PBXBuildFile; fileRef = 39D39B85284A3E370051A13A /* ViewController.swift */; };
		39D39B8B284A3E390051A13A /* Assets.xcassets in Resources */ = {isa = PBXBuildFile; fileRef = 39D39B8A284A3E390051A13A /* Assets.xcassets */; };
		39D39B8E284A3E390051A13A /* LaunchScreen.storyboard in Resources */ = {isa = PBXBuildFile; fileRef = 39D39B8C284A3E390051A13A /* LaunchScreen.storyboard */; };
/* End PBXBuildFile section */

/* Begin PBXFileReference section */
		390E1F21285176FC006B53B6 /* HomeViewController.swift */ = {isa = PBXFileReference; lastKnownFileType = sourcecode.swift; path = HomeViewController.swift; sourceTree = "<group>"; };
		390E1F22285176FC006B53B6 /* HomeViewController.xib */ = {isa = PBXFileReference; lastKnownFileType = file.xib; path = HomeViewController.xib; sourceTree = "<group>"; };
		390E1F292851778C006B53B6 /* AdressViewController.swift */ = {isa = PBXFileReference; lastKnownFileType = sourcecode.swift; path = AdressViewController.swift; sourceTree = "<group>"; };
		390E1F2A2851778C006B53B6 /* AdressViewController.xib */ = {isa = PBXFileReference; lastKnownFileType = file.xib; path = AdressViewController.xib; sourceTree = "<group>"; };
		390E1F2D285177A3006B53B6 /* TagViewController.swift */ = {isa = PBXFileReference; lastKnownFileType = sourcecode.swift; path = TagViewController.swift; sourceTree = "<group>"; };
		390E1F2E285177A3006B53B6 /* TagViewController.xib */ = {isa = PBXFileReference; lastKnownFileType = file.xib; path = TagViewController.xib; sourceTree = "<group>"; };
		39CC95D32855418E00A41CC4 /* CepModel.swift */ = {isa = PBXFileReference; lastKnownFileType = sourcecode.swift; path = CepModel.swift; sourceTree = "<group>"; };
		39D39B7E284A3E370051A13A /* App use mobile.app */ = {isa = PBXFileReference; explicitFileType = wrapper.application; includeInIndex = 0; path = "App use mobile.app"; sourceTree = BUILT_PRODUCTS_DIR; };
		39D39B81284A3E370051A13A /* AppDelegate.swift */ = {isa = PBXFileReference; lastKnownFileType = sourcecode.swift; path = AppDelegate.swift; sourceTree = "<group>"; };
		39D39B85284A3E370051A13A /* ViewController.swift */ = {isa = PBXFileReference; lastKnownFileType = sourcecode.swift; path = ViewController.swift; sourceTree = "<group>"; };
		39D39B8A284A3E390051A13A /* Assets.xcassets */ = {isa = PBXFileReference; lastKnownFileType = folder.assetcatalog; path = Assets.xcassets; sourceTree = "<group>"; };
		39D39B8D284A3E390051A13A /* Base */ = {isa = PBXFileReference; lastKnownFileType = file.storyboard; name = Base; path = Base.lproj/LaunchScreen.storyboard; sourceTree = "<group>"; };
		39D39B8F284A3E390051A13A /* Info.plist */ = {isa = PBXFileReference; lastKnownFileType = text.plist.xml; path = Info.plist; sourceTree = "<group>"; };
/* End PBXFileReference section */

/* Begin PBXFrameworksBuildPhase section */
		39D39B7B284A3E370051A13A /* Frameworks */ = {
			isa = PBXFrameworksBuildPhase;
			buildActionMask = 2147483647;
			files = (
			);
			runOnlyForDeploymentPostprocessing = 0;
		};
/* End PBXFrameworksBuildPhase section */

/* Begin PBXGroup section */
		390E1F2528517710006B53B6 /* Scenes */ = {
			isa = PBXGroup;
			children = (
				390E1F2628517735006B53B6 /* Home */,
				390E1F272851774A006B53B6 /* Adress */,
				390E1F2828517759006B53B6 /* Tag */,
			);
			path = Scenes;
			sourceTree = "<group>";
		};
		390E1F2628517735006B53B6 /* Home */ = {
			isa = PBXGroup;
			children = (
				390E1F21285176FC006B53B6 /* HomeViewController.swift */,
				390E1F22285176FC006B53B6 /* HomeViewController.xib */,
			);
			name = Home;
			sourceTree = "<group>";
		};
		390E1F272851774A006B53B6 /* Adress */ = {
			isa = PBXGroup;
			children = (
				390E1F292851778C006B53B6 /* AdressViewController.swift */,
				390E1F2A2851778C006B53B6 /* AdressViewController.xib */,
			);
			path = Adress;
			sourceTree = "<group>";
		};
		390E1F2828517759006B53B6 /* Tag */ = {
			isa = PBXGroup;
			children = (
				390E1F2D285177A3006B53B6 /* TagViewController.swift */,
				390E1F2E285177A3006B53B6 /* TagViewController.xib */,
			);
			name = Tag;
			sourceTree = "<group>";
		};
		39CC95D22855417000A41CC4 /* Model */ = {
			isa = PBXGroup;
			children = (
				39CC95D32855418E00A41CC4 /* CepModel.swift */,
			);
			path = Model;
			sourceTree = "<group>";
		};
		39D39B75284A3E370051A13A = {
			isa = PBXGroup;
			children = (
				39D39B80284A3E370051A13A /* App use mobile */,
				39D39B7F284A3E370051A13A /* Products */,
			);
			sourceTree = "<group>";
		};
		39D39B7F284A3E370051A13A /* Products */ = {
			isa = PBXGroup;
			children = (
				39D39B7E284A3E370051A13A /* App use mobile.app */,
			);
			name = Products;
			sourceTree = "<group>";
		};
		39D39B80284A3E370051A13A /* App use mobile */ = {
			isa = PBXGroup;
			children = (
				39CC95D22855417000A41CC4 /* Model */,
				39D39B81284A3E370051A13A /* AppDelegate.swift */,
				390E1F2528517710006B53B6 /* Scenes */,
				39D39B85284A3E370051A13A /* ViewController.swift */,
				39D39B8A284A3E390051A13A /* Assets.xcassets */,
				39D39B8C284A3E390051A13A /* LaunchScreen.storyboard */,
				39D39B8F284A3E390051A13A /* Info.plist */,
			);
			path = "App use mobile";
			sourceTree = "<group>";
		};
/* End PBXGroup section */

/* Begin PBXNativeTarget section */
		39D39B7D284A3E370051A13A /* App use mobile */ = {
			isa = PBXNativeTarget;
			buildConfigurationList = 39D39B92284A3E390051A13A /* Build configuration list for PBXNativeTarget "App use mobile" */;
			buildPhases = (
				39D39B7A284A3E370051A13A /* Sources */,
				39D39B7B284A3E370051A13A /* Frameworks */,
				39D39B7C284A3E370051A13A /* Resources */,
			);
			buildRules = (
			);
			dependencies = (
			);
			name = "App use mobile";
			productName = "App use mobile";
			productReference = 39D39B7E284A3E370051A13A /* App use mobile.app */;
			productType = "com.apple.product-type.application";
		};
/* End PBXNativeTarget section */

/* Begin PBXProject section */
		39D39B76284A3E370051A13A /* Project object */ = {
			isa = PBXProject;
			attributes = {
				BuildIndependentTargetsInParallel = 1;
				LastSwiftUpdateCheck = 1320;
				LastUpgradeCheck = 1320;
				TargetAttributes = {
					39D39B7D284A3E370051A13A = {
						CreatedOnToolsVersion = 13.2.1;
					};
				};
			};
			buildConfigurationList = 39D39B79284A3E370051A13A /* Build configuration list for PBXProject "App use mobile" */;
			compatibilityVersion = "Xcode 13.0";
			developmentRegion = en;
			hasScannedForEncodings = 0;
			knownRegions = (
				en,
				Base,
			);
			mainGroup = 39D39B75284A3E370051A13A;
			productRefGroup = 39D39B7F284A3E370051A13A /* Products */;
			projectDirPath = "";
			projectRoot = "";
			targets = (
				39D39B7D284A3E370051A13A /* App use mobile */,
			);
		};
/* End PBXProject section */

/* Begin PBXResourcesBuildPhase section */
		39D39B7C284A3E370051A13A /* Resources */ = {
			isa = PBXResourcesBuildPhase;
			buildActionMask = 2147483647;
			files = (
				39D39B8E284A3E390051A13A /* LaunchScreen.storyboard in Resources */,
				390E1F30285177A3006B53B6 /* TagViewController.xib in Resources */,
				39D39B8B284A3E390051A13A /* Assets.xcassets in Resources */,
				390E1F2C2851778C006B53B6 /* AdressViewController.xib in Resources */,
				390E1F24285176FC006B53B6 /* HomeViewController.xib in Resources */,
			);
			runOnlyForDeploymentPostprocessing = 0;
		};
/* End PBXResourcesBuildPhase section */

/* Begin PBXSourcesBuildPhase section */
		39D39B7A284A3E370051A13A /* Sources */ = {
			isa = PBXSourcesBuildPhase;
			buildActionMask = 2147483647;
			files = (
				39CC95D42855418E00A41CC4 /* CepModel.swift in Sources */,
				39D39B86284A3E370051A13A /* ViewController.swift in Sources */,
				39D39B82284A3E370051A13A /* AppDelegate.swift in Sources */,
				390E1F2F285177A3006B53B6 /* TagViewController.swift in Sources */,
				390E1F2B2851778C006B53B6 /* AdressViewController.swift in Sources */,
				390E1F23285176FC006B53B6 /* HomeViewController.swift in Sources */,
			);
			runOnlyForDeploymentPostprocessing = 0;
		};
/* End PBXSourcesBuildPhase section */

/* Begin PBXVariantGroup section */
		39D39B8C284A3E390051A13A /* LaunchScreen.storyboard */ = {
			isa = PBXVariantGroup;
			children = (
				39D39B8D284A3E390051A13A /* Base */,
			);
			name = LaunchScreen.storyboard;
			sourceTree = "<group>";
		};
/* End PBXVariantGroup section */

/* Begin XCBuildConfiguration section */
		39D39B90284A3E390051A13A /* Debug */ = {
			isa = XCBuildConfiguration;
			buildSettings = {
				ALWAYS_SEARCH_USER_PATHS = NO;
				CLANG_ANALYZER_NONNULL = YES;
				CLANG_ANALYZER_NUMBER_OBJECT_CONVERSION = YES_AGGRESSIVE;
				CLANG_CXX_LANGUAGE_STANDARD = "gnu++17";
				CLANG_CXX_LIBRARY = "libc++";
				CLANG_ENABLE_MODULES = YES;
				CLANG_ENABLE_OBJC_ARC = YES;
				CLANG_ENABLE_OBJC_WEAK = YES;
				CLANG_WARN_BLOCK_CAPTURE_AUTORELEASING = YES;
				CLANG_WARN_BOOL_CONVERSION = YES;
				CLANG_WARN_COMMA = YES;
				CLANG_WARN_CONSTANT_CONVERSION = YES;
				CLANG_WARN_DEPRECATED_OBJC_IMPLEMENTATIONS = YES;
				CLANG_WARN_DIRECT_OBJC_ISA_USAGE = YES_ERROR;
				CLANG_WARN_DOCUMENTATION_COMMENTS = YES;
				CLANG_WARN_EMPTY_BODY = YES;
				CLANG_WARN_ENUM_CONVERSION = YES;
				CLANG_WARN_INFINITE_RECURSION = YES;
				CLANG_WARN_INT_CONVERSION = YES;
				CLANG_WARN_NON_LITERAL_NULL_CONVERSION = YES;
				CLANG_WARN_OBJC_IMPLICIT_RETAIN_SELF = YES;
				CLANG_WARN_OBJC_LITERAL_CONVERSION = YES;
				CLANG_WARN_OBJC_ROOT_CLASS = YES_ERROR;
				CLANG_WARN_QUOTED_INCLUDE_IN_FRAMEWORK_HEADER = YES;
				CLANG_WARN_RANGE_LOOP_ANALYSIS = YES;
				CLANG_WARN_STRICT_PROTOTYPES = YES;
				CLANG_WARN_SUSPICIOUS_MOVE = YES;
				CLANG_WARN_UNGUARDED_AVAILABILITY = YES_AGGRESSIVE;
				CLANG_WARN_UNREACHABLE_CODE = YES;
				CLANG_WARN__DUPLICATE_METHOD_MATCH = YES;
				COPY_PHASE_STRIP = NO;
				DEBUG_INFORMATION_FORMAT = dwarf;
				ENABLE_STRICT_OBJC_MSGSEND = YES;
				ENABLE_TESTABILITY = YES;
				GCC_C_LANGUAGE_STANDARD = gnu11;
				GCC_DYNAMIC_NO_PIC = NO;
				GCC_NO_COMMON_BLOCKS = YES;
				GCC_OPTIMIZATION_LEVEL = 0;
				GCC_PREPROCESSOR_DEFINITIONS = (
					"DEBUG=1",
					"$(inherited)",
				);
				GCC_WARN_64_TO_32_BIT_CONVERSION = YES;
				GCC_WARN_ABOUT_RETURN_TYPE = YES_ERROR;
				GCC_WARN_UNDECLARED_SELECTOR = YES;
				GCC_WARN_UNINITIALIZED_AUTOS = YES_AGGRESSIVE;
				GCC_WARN_UNUSED_FUNCTION = YES;
				GCC_WARN_UNUSED_VARIABLE = YES;
				IPHONEOS_DEPLOYMENT_TARGET = 15.2;
				MTL_ENABLE_DEBUG_INFO = INCLUDE_SOURCE;
				MTL_FAST_MATH = YES;
				ONLY_ACTIVE_ARCH = YES;
				SDKROOT = iphoneos;
				SWIFT_ACTIVE_COMPILATION_CONDITIONS = DEBUG;
				SWIFT_OPTIMIZATION_LEVEL = "-Onone";
			};
			name = Debug;
		};
		39D39B91284A3E390051A13A /* Release */ = {
			isa = XCBuildConfiguration;
			buildSettings = {
				ALWAYS_SEARCH_USER_PATHS = NO;
				CLANG_ANALYZER_NONNULL = YES;
				CLANG_ANALYZER_NUMBER_OBJECT_CONVERSION = YES_AGGRESSIVE;
				CLANG_CXX_LANGUAGE_STANDARD = "gnu++17";
				CLANG_CXX_LIBRARY = "libc++";
				CLANG_ENABLE_MODULES = YES;
				CLANG_ENABLE_OBJC_ARC = YES;
				CLANG_ENABLE_OBJC_WEAK = YES;
				CLANG_WARN_BLOCK_CAPTURE_AUTORELEASING = YES;
				CLANG_WARN_BOOL_CONVERSION = YES;
				CLANG_WARN_COMMA = YES;
				CLANG_WARN_CONSTANT_CONVERSION = YES;
				CLANG_WARN_DEPRECATED_OBJC_IMPLEMENTATIONS = YES;
				CLANG_WARN_DIRECT_OBJC_ISA_USAGE = YES_ERROR;
				CLANG_WARN_DOCUMENTATION_COMMENTS = YES;
				CLANG_WARN_EMPTY_BODY = YES;
				CLANG_WARN_ENUM_CONVERSION = YES;
				CLANG_WARN_INFINITE_RECURSION = YES;
				CLANG_WARN_INT_CONVERSION = YES;
				CLANG_WARN_NON_LITERAL_NULL_CONVERSION = YES;
				CLANG_WARN_OBJC_IMPLICIT_RETAIN_SELF = YES;
				CLANG_WARN_OBJC_LITERAL_CONVERSION = YES;
				CLANG_WARN_OBJC_ROOT_CLASS = YES_ERROR;
				CLANG_WARN_QUOTED_INCLUDE_IN_FRAMEWORK_HEADER = YES;
				CLANG_WARN_RANGE_LOOP_ANALYSIS = YES;
				CLANG_WARN_STRICT_PROTOTYPES = YES;
				CLANG_WARN_SUSPICIOUS_MOVE = YES;
				CLANG_WARN_UNGUARDED_AVAILABILITY = YES_AGGRESSIVE;
				CLANG_WARN_UNREACHABLE_CODE = YES;
				CLANG_WARN__DUPLICATE_METHOD_MATCH = YES;
				COPY_PHASE_STRIP = NO;
				DEBUG_INFORMATION_FORMAT = "dwarf-with-dsym";
				ENABLE_NS_ASSERTIONS = NO;
				ENABLE_STRICT_OBJC_MSGSEND = YES;
				GCC_C_LANGUAGE_STANDARD = gnu11;
				GCC_NO_COMMON_BLOCKS = YES;
				GCC_WARN_64_TO_32_BIT_CONVERSION = YES;
				GCC_WARN_ABOUT_RETURN_TYPE = YES_ERROR;
				GCC_WARN_UNDECLARED_SELECTOR = YES;
				GCC_WARN_UNINITIALIZED_AUTOS = YES_AGGRESSIVE;
				GCC_WARN_UNUSED_FUNCTION = YES;
				GCC_WARN_UNUSED_VARIABLE = YES;
				IPHONEOS_DEPLOYMENT_TARGET = 15.2;
				MTL_ENABLE_DEBUG_INFO = NO;
				MTL_FAST_MATH = YES;
				SDKROOT = iphoneos;
				SWIFT_COMPILATION_MODE = wholemodule;
				SWIFT_OPTIMIZATION_LEVEL = "-O";
				VALIDATE_PRODUCT = YES;
			};
			name = Release;
		};
		39D39B93284A3E390051A13A /* Debug */ = {
			isa = XCBuildConfiguration;
			buildSettings = {
				ASSETCATALOG_COMPILER_APPICON_NAME = AppIcon;
				ASSETCATALOG_COMPILER_GLOBAL_ACCENT_COLOR_NAME = AccentColor;
				CODE_SIGN_STYLE = Automatic;
				CURRENT_PROJECT_VERSION = 1;
				GENERATE_INFOPLIST_FILE = YES;
				INFOPLIST_FILE = "App use mobile/Info.plist";
				INFOPLIST_KEY_UIApplicationSupportsIndirectInputEvents = YES;
				INFOPLIST_KEY_UILaunchStoryboardName = LaunchScreen;
				INFOPLIST_KEY_UISupportedInterfaceOrientations_iPad = "UIInterfaceOrientationPortrait UIInterfaceOrientationPortraitUpsideDown UIInterfaceOrientationLandscapeLeft UIInterfaceOrientationLandscapeRight";
				INFOPLIST_KEY_UISupportedInterfaceOrientations_iPhone = "UIInterfaceOrientationPortrait UIInterfaceOrientationLandscapeLeft UIInterfaceOrientationLandscapeRight";
				LD_RUNPATH_SEARCH_PATHS = (
					"$(inherited)",
					"@executable_path/Frameworks",
				);
				MARKETING_VERSION = 1.0;
				PRODUCT_BUNDLE_IDENTIFIER = "com.maira.App-use-mobile";
				PRODUCT_NAME = "$(TARGET_NAME)";
				SWIFT_EMIT_LOC_STRINGS = YES;
				SWIFT_VERSION = 5.0;
				TARGETED_DEVICE_FAMILY = "1,2";
			};
			name = Debug;
		};
		39D39B94284A3E390051A13A /* Release */ = {
			isa = XCBuildConfiguration;
			buildSettings = {
				ASSETCATALOG_COMPILER_APPICON_NAME = AppIcon;
				ASSETCATALOG_COMPILER_GLOBAL_ACCENT_COLOR_NAME = AccentColor;
				CODE_SIGN_STYLE = Automatic;
				CURRENT_PROJECT_VERSION = 1;
				GENERATE_INFOPLIST_FILE = YES;
				INFOPLIST_FILE = "App use mobile/Info.plist";
				INFOPLIST_KEY_UIApplicationSupportsIndirectInputEvents = YES;
				INFOPLIST_KEY_UILaunchStoryboardName = LaunchScreen;
				INFOPLIST_KEY_UISupportedInterfaceOrientations_iPad = "UIInterfaceOrientationPortrait UIInterfaceOrientationPortraitUpsideDown UIInterfaceOrientationLandscapeLeft UIInterfaceOrientationLandscapeRight";
				INFOPLIST_KEY_UISupportedInterfaceOrientations_iPhone = "UIInterfaceOrientationPortrait UIInterfaceOrientationLandscapeLeft UIInterfaceOrientationLandscapeRight";
				LD_RUNPATH_SEARCH_PATHS = (
					"$(inherited)",
					"@executable_path/Frameworks",
				);
				MARKETING_VERSION = 1.0;
				PRODUCT_BUNDLE_IDENTIFIER = "com.maira.App-use-mobile";
				PRODUCT_NAME = "$(TARGET_NAME)";
				SWIFT_EMIT_LOC_STRINGS = YES;
				SWIFT_VERSION = 5.0;
				TARGETED_DEVICE_FAMILY = "1,2";
			};
			name = Release;
		};
/* End XCBuildConfiguration section */

/* Begin XCConfigurationList section */
		39D39B79284A3E370051A13A /* Build configuration list for PBXProject "App use mobile" */ = {
			isa = XCConfigurationList;
			buildConfigurations = (
				39D39B90284A3E390051A13A /* Debug */,
				39D39B91284A3E390051A13A /* Release */,
			);
			defaultConfigurationIsVisible = 0;
			defaultConfigurationName = Release;
		};
		39D39B92284A3E390051A13A /* Build configuration list for PBXNativeTarget "App use mobile" */ = {
			isa = XCConfigurationList;
			buildConfigurations = (
				39D39B93284A3E390051A13A /* Debug */,
				39D39B94284A3E390051A13A /* Release */,
			);
			defaultConfigurationIsVisible = 0;
			defaultConfigurationName = Release;
		};
/* End XCConfigurationList section */
	};
	rootObject = 39D39B76284A3E370051A13A /* Project object */;
}
